
Microsoft Visual Studio Solution File, Format Version 12.00
# Visual Studio Version 16
VisualStudioVersion = 16.0.31205.134
MinimumVisualStudioVersion = 10.0.40219.1
Project("{FAE04EC0-301F-11D3-BF4B-00C04F79EFBC}") = "Week11", "Week11\Week11.csproj", "{1A3A0665-449F-4377-B2C1-266B83D9CBE7}"
EndProject
Global
	GlobalSection(SolutionConfigurationPlatforms) = preSolution
		Debug|Any CPU = Debug|Any CPU
		Release|Any CPU = Release|Any CPU
	EndGlobalSection
	GlobalSection(ProjectConfigurationPlatforms) = postSolution
		{1A3A0665-449F-4377-B2C1-266B83D9CBE7}.Debug|Any CPU.ActiveCfg = Debug|Any CPU
		{1A3A0665-449F-4377-B2C1-266B83D9CBE7}.Debug|Any CPU.Build.0 = Debug|Any CPU
		{1A3A0665-449F-4377-B2C1-266B83D9CBE7}.Release|Any CPU.ActiveCfg = Release|Any CPU
		{1A3A0665-449F-4377-B2C1-266B83D9CBE7}.Release|Any CPU.Build.0 = Release|Any CPU
	EndGlobalSection
	GlobalSection(SolutionProperties) = preSolution
		HideSolutionNode = FALSE
	EndGlobalSection
	GlobalSection(ExtensibilityGlobals) = postSolution
		SolutionGuid = {3F9AEDAB-B750-4F8F-A6F8-502F08FFA64A}
	EndGlobalSection
EndGlobal
